// !$*UTF8*$!
{
	archiveVersion = 1;
	classes = {
	};
	objectVersion = 56;
	objects = {

/* Begin PBXBuildFile section */
		65361A132BC33A8900ED6EB7 /* WatchConnectivity.framework in Frameworks */ = {isa = PBXBuildFile; fileRef = 65361A122BC33A8900ED6EB7 /* WatchConnectivity.framework */; };
		655F10BF2BC32F62003D7788 /* ThermoIOWatchApp.swift in Sources */ = {isa = PBXBuildFile; fileRef = 655F10BE2BC32F62003D7788 /* ThermoIOWatchApp.swift */; };
		655F10C12BC32F62003D7788 /* ContentView.swift in Sources */ = {isa = PBXBuildFile; fileRef = 655F10C02BC32F62003D7788 /* ContentView.swift */; };
		655F10C32BC32F62003D7788 /* Assets.xcassets in Resources */ = {isa = PBXBuildFile; fileRef = 655F10C22BC32F62003D7788 /* Assets.xcassets */; };
		655F10C62BC32F62003D7788 /* Preview Assets.xcassets in Resources */ = {isa = PBXBuildFile; fileRef = 655F10C52BC32F62003D7788 /* Preview Assets.xcassets */; };
		655F10CC2BC32F63003D7788 /* ThermoIOWatch Watch App.app in Embed Watch Content */ = {isa = PBXBuildFile; fileRef = 655F10CB2BC32F63003D7788 /* ThermoIOWatch Watch App.app */; settings = {ATTRIBUTES = (RemoveHeadersOnCopy, ); }; };
		655F10D12BC32F63003D7788 /* ThermoIOWatchApp.swift in Sources */ = {isa = PBXBuildFile; fileRef = 655F10D02BC32F63003D7788 /* ThermoIOWatchApp.swift */; };
		655F10D32BC32F63003D7788 /* ContentView.swift in Sources */ = {isa = PBXBuildFile; fileRef = 655F10D22BC32F63003D7788 /* ContentView.swift */; };
		655F10D52BC32F63003D7788 /* Assets.xcassets in Resources */ = {isa = PBXBuildFile; fileRef = 655F10D42BC32F63003D7788 /* Assets.xcassets */; };
		655F10D82BC32F63003D7788 /* Preview Assets.xcassets in Resources */ = {isa = PBXBuildFile; fileRef = 655F10D72BC32F63003D7788 /* Preview Assets.xcassets */; };
		655F10E52BC32FFD003D7788 /* ThermalMonitor.swift in Sources */ = {isa = PBXBuildFile; fileRef = 655F10E42BC32FFD003D7788 /* ThermalMonitor.swift */; };
		655F10E92BC33068003D7788 /* PhoneToWatchDataSender.swift in Sources */ = {isa = PBXBuildFile; fileRef = 655F10E72BC33068003D7788 /* PhoneToWatchDataSender.swift */; };
		655F10EA2BC330D7003D7788 /* WatchDataReceiver.swift in Sources */ = {isa = PBXBuildFile; fileRef = 655F10E62BC33068003D7788 /* WatchDataReceiver.swift */; };
		655F10EC2BC331DB003D7788 /* ThermalMonitor.swift in Sources */ = {isa = PBXBuildFile; fileRef = 655F10EB2BC331DB003D7788 /* ThermalMonitor.swift */; };
/* End PBXBuildFile section */

/* Begin PBXContainerItemProxy section */
		655F10CD2BC32F63003D7788 /* PBXContainerItemProxy */ = {
			isa = PBXContainerItemProxy;
			containerPortal = 655F10B32BC32F62003D7788 /* Project object */;
			proxyType = 1;
			remoteGlobalIDString = 655F10CA2BC32F63003D7788;
			remoteInfo = "ThermoIOWatch Watch App";
		};
/* End PBXContainerItemProxy section */

/* Begin PBXCopyFilesBuildPhase section */
		655F10DE2BC32F63003D7788 /* Embed Watch Content */ = {
			isa = PBXCopyFilesBuildPhase;
			buildActionMask = 2147483647;
			dstPath = "$(CONTENTS_FOLDER_PATH)/Watch";
			dstSubfolderSpec = 16;
			files = (
				655F10CC2BC32F63003D7788 /* ThermoIOWatch Watch App.app in Embed Watch Content */,
			);
			name = "Embed Watch Content";
			runOnlyForDeploymentPostprocessing = 0;
		};
/* End PBXCopyFilesBuildPhase section */

/* Begin PBXFileReference section */
		65361A122BC33A8900ED6EB7 /* WatchConnectivity.framework */ = {isa = PBXFileReference; lastKnownFileType = wrapper.framework; name = WatchConnectivity.framework; path = Platforms/iPhoneOS.platform/Developer/SDKs/iPhoneOS17.4.sdk/System/Library/Frameworks/WatchConnectivity.framework; sourceTree = DEVELOPER_DIR; };
		655F10BB2BC32F62003D7788 /* ThermoIOWatch.app */ = {isa = PBXFileReference; explicitFileType = wrapper.application; includeInIndex = 0; path = ThermoIOWatch.app; sourceTree = BUILT_PRODUCTS_DIR; };
		655F10BE2BC32F62003D7788 /* ThermoIOWatchApp.swift */ = {isa = PBXFileReference; lastKnownFileType = sourcecode.swift; path = ThermoIOWatchApp.swift; sourceTree = "<group>"; };
		655F10C02BC32F62003D7788 /* ContentView.swift */ = {isa = PBXFileReference; lastKnownFileType = sourcecode.swift; path = ContentView.swift; sourceTree = "<group>"; };
		655F10C22BC32F62003D7788 /* Assets.xcassets */ = {isa = PBXFileReference; lastKnownFileType = folder.assetcatalog; path = Assets.xcassets; sourceTree = "<group>"; };
		655F10C52BC32F62003D7788 /* Preview Assets.xcassets */ = {isa = PBXFileReference; lastKnownFileType = folder.assetcatalog; path = "Preview Assets.xcassets"; sourceTree = "<group>"; };
		655F10CB2BC32F63003D7788 /* ThermoIOWatch Watch App.app */ = {isa = PBXFileReference; explicitFileType = wrapper.application; includeInIndex = 0; path = "ThermoIOWatch Watch App.app"; sourceTree = BUILT_PRODUCTS_DIR; };
		655F10D02BC32F63003D7788 /* ThermoIOWatchApp.swift */ = {isa = PBXFileReference; lastKnownFileType = sourcecode.swift; path = ThermoIOWatchApp.swift; sourceTree = "<group>"; };
		655F10D22BC32F63003D7788 /* ContentView.swift */ = {isa = PBXFileReference; lastKnownFileType = sourcecode.swift; path = ContentView.swift; sourceTree = "<group>"; };
		655F10D42BC32F63003D7788 /* Assets.xcassets */ = {isa = PBXFileReference; lastKnownFileType = folder.assetcatalog; path = Assets.xcassets; sourceTree = "<group>"; };
		655F10D72BC32F63003D7788 /* Preview Assets.xcassets */ = {isa = PBXFileReference; lastKnownFileType = folder.assetcatalog; path = "Preview Assets.xcassets"; sourceTree = "<group>"; };
		655F10E42BC32FFD003D7788 /* ThermalMonitor.swift */ = {isa = PBXFileReference; fileEncoding = 4; lastKnownFileType = sourcecode.swift; path = ThermalMonitor.swift; sourceTree = "<group>"; };
		655F10E62BC33068003D7788 /* WatchDataReceiver.swift */ = {isa = PBXFileReference; fileEncoding = 4; lastKnownFileType = sourcecode.swift; path = WatchDataReceiver.swift; sourceTree = "<group>"; };
		655F10E72BC33068003D7788 /* PhoneToWatchDataSender.swift */ = {isa = PBXFileReference; fileEncoding = 4; lastKnownFileType = sourcecode.swift; path = PhoneToWatchDataSender.swift; sourceTree = "<group>"; };
		655F10EB2BC331DB003D7788 /* ThermalMonitor.swift */ = {isa = PBXFileReference; fileEncoding = 4; lastKnownFileType = sourcecode.swift; path = ThermalMonitor.swift; sourceTree = "<group>"; };
/* End PBXFileReference section */

/* Begin PBXFrameworksBuildPhase section */
		655F10B82BC32F62003D7788 /* Frameworks */ = {
			isa = PBXFrameworksBuildPhase;
			buildActionMask = 2147483647;
			files = (
				65361A132BC33A8900ED6EB7 /* WatchConnectivity.framework in Frameworks */,
			);
			runOnlyForDeploymentPostprocessing = 0;
		};
		655F10C82BC32F63003D7788 /* Frameworks */ = {
			isa = PBXFrameworksBuildPhase;
			buildActionMask = 2147483647;
			files = (
			);
			runOnlyForDeploymentPostprocessing = 0;
		};
/* End PBXFrameworksBuildPhase section */

/* Begin PBXGroup section */
		65361A112BC33A8800ED6EB7 /* Frameworks */ = {
			isa = PBXGroup;
			children = (
				65361A122BC33A8900ED6EB7 /* WatchConnectivity.framework */,
			);
			name = Frameworks;
			sourceTree = "<group>";
		};
		655F10B22BC32F62003D7788 = {
			isa = PBXGroup;
			children = (
				655F10BD2BC32F62003D7788 /* ThermoIOWatch */,
				655F10CF2BC32F63003D7788 /* ThermoIOWatch Watch App */,
				655F10BC2BC32F62003D7788 /* Products */,
				65361A112BC33A8800ED6EB7 /* Frameworks */,
			);
			sourceTree = "<group>";
		};
		655F10BC2BC32F62003D7788 /* Products */ = {
			isa = PBXGroup;
			children = (
				655F10BB2BC32F62003D7788 /* ThermoIOWatch.app */,
				655F10CB2BC32F63003D7788 /* ThermoIOWatch Watch App.app */,
			);
			name = Products;
			sourceTree = "<group>";
		};
		655F10BD2BC32F62003D7788 /* ThermoIOWatch */ = {
			isa = PBXGroup;
			children = (
				655F10BE2BC32F62003D7788 /* ThermoIOWatchApp.swift */,
				655F10E72BC33068003D7788 /* PhoneToWatchDataSender.swift */,
				655F10C02BC32F62003D7788 /* ContentView.swift */,
				655F10E42BC32FFD003D7788 /* ThermalMonitor.swift */,
				655F10C22BC32F62003D7788 /* Assets.xcassets */,
				655F10C42BC32F62003D7788 /* Preview Content */,
			);
			path = ThermoIOWatch;
			sourceTree = "<group>";
		};
		655F10C42BC32F62003D7788 /* Preview Content */ = {
			isa = PBXGroup;
			children = (
				655F10C52BC32F62003D7788 /* Preview Assets.xcassets */,
			);
			path = "Preview Content";
			sourceTree = "<group>";
		};
		655F10CF2BC32F63003D7788 /* ThermoIOWatch Watch App */ = {
			isa = PBXGroup;
			children = (
				655F10E62BC33068003D7788 /* WatchDataReceiver.swift */,
				655F10EB2BC331DB003D7788 /* ThermalMonitor.swift */,
				655F10D02BC32F63003D7788 /* ThermoIOWatchApp.swift */,
				655F10D22BC32F63003D7788 /* ContentView.swift */,
				655F10D42BC32F63003D7788 /* Assets.xcassets */,
				655F10D62BC32F63003D7788 /* Preview Content */,
			);
			path = "ThermoIOWatch Watch App";
			sourceTree = "<group>";
		};
		655F10D62BC32F63003D7788 /* Preview Content */ = {
			isa = PBXGroup;
			children = (
				655F10D72BC32F63003D7788 /* Preview Assets.xcassets */,
			);
			path = "Preview Content";
			sourceTree = "<group>";
		};
/* End PBXGroup section */

/* Begin PBXNativeTarget section */
		655F10BA2BC32F62003D7788 /* ThermoIOWatch */ = {
			isa = PBXNativeTarget;
			buildConfigurationList = 655F10DF2BC32F63003D7788 /* Build configuration list for PBXNativeTarget "ThermoIOWatch" */;
			buildPhases = (
				655F10B72BC32F62003D7788 /* Sources */,
				655F10B82BC32F62003D7788 /* Frameworks */,
				655F10B92BC32F62003D7788 /* Resources */,
				655F10DE2BC32F63003D7788 /* Embed Watch Content */,
			);
			buildRules = (
			);
			dependencies = (
				655F10CE2BC32F63003D7788 /* PBXTargetDependency */,
			);
			name = ThermoIOWatch;
			productName = ThermoIOWatch;
			productReference = 655F10BB2BC32F62003D7788 /* ThermoIOWatch.app */;
			productType = "com.apple.product-type.application";
		};
		655F10CA2BC32F63003D7788 /* ThermoIOWatch Watch App */ = {
			isa = PBXNativeTarget;
			buildConfigurationList = 655F10DB2BC32F63003D7788 /* Build configuration list for PBXNativeTarget "ThermoIOWatch Watch App" */;
			buildPhases = (
				655F10C72BC32F63003D7788 /* Sources */,
				655F10C82BC32F63003D7788 /* Frameworks */,
				655F10C92BC32F63003D7788 /* Resources */,
			);
			buildRules = (
			);
			dependencies = (
			);
			name = "ThermoIOWatch Watch App";
			productName = "ThermoIOWatch Watch App";
			productReference = 655F10CB2BC32F63003D7788 /* ThermoIOWatch Watch App.app */;
			productType = "com.apple.product-type.application";
		};
/* End PBXNativeTarget section */

/* Begin PBXProject section */
		655F10B32BC32F62003D7788 /* Project object */ = {
			isa = PBXProject;
			attributes = {
				BuildIndependentTargetsInParallel = 1;
				LastSwiftUpdateCheck = 1530;
				LastUpgradeCheck = 1530;
				TargetAttributes = {
					655F10BA2BC32F62003D7788 = {
						CreatedOnToolsVersion = 15.3;
					};
					655F10CA2BC32F63003D7788 = {
						CreatedOnToolsVersion = 15.3;
					};
				};
			};
			buildConfigurationList = 655F10B62BC32F62003D7788 /* Build configuration list for PBXProject "ThermoIOWatch" */;
			compatibilityVersion = "Xcode 14.0";
			developmentRegion = en;
			hasScannedForEncodings = 0;
			knownRegions = (
				en,
				Base,
			);
			mainGroup = 655F10B22BC32F62003D7788;
			productRefGroup = 655F10BC2BC32F62003D7788 /* Products */;
			projectDirPath = "";
			projectRoot = "";
			targets = (
				655F10BA2BC32F62003D7788 /* ThermoIOWatch */,
				655F10CA2BC32F63003D7788 /* ThermoIOWatch Watch App */,
			);
		};
/* End PBXProject section */

/* Begin PBXResourcesBuildPhase section */
		655F10B92BC32F62003D7788 /* Resources */ = {
			isa = PBXResourcesBuildPhase;
			buildActionMask = 2147483647;
			files = (
				655F10C62BC32F62003D7788 /* Preview Assets.xcassets in Resources */,
				655F10C32BC32F62003D7788 /* Assets.xcassets in Resources */,
			);
			runOnlyForDeploymentPostprocessing = 0;
		};
		655F10C92BC32F63003D7788 /* Resources */ = {
			isa = PBXResourcesBuildPhase;
			buildActionMask = 2147483647;
			files = (
				655F10D82BC32F63003D7788 /* Preview Assets.xcassets in Resources */,
				655F10D52BC32F63003D7788 /* Assets.xcassets in Resources */,
			);
			runOnlyForDeploymentPostprocessing = 0;
		};
/* End PBXResourcesBuildPhase section */

/* Begin PBXSourcesBuildPhase section */
		655F10B72BC32F62003D7788 /* Sources */ = {
			isa = PBXSourcesBuildPhase;
			buildActionMask = 2147483647;
			files = (
				655F10E92BC33068003D7788 /* PhoneToWatchDataSender.swift in Sources */,
				655F10C12BC32F62003D7788 /* ContentView.swift in Sources */,
				655F10E52BC32FFD003D7788 /* ThermalMonitor.swift in Sources */,
				655F10BF2BC32F62003D7788 /* ThermoIOWatchApp.swift in Sources */,
			);
			runOnlyForDeploymentPostprocessing = 0;
		};
		655F10C72BC32F63003D7788 /* Sources */ = {
			isa = PBXSourcesBuildPhase;
			buildActionMask = 2147483647;
			files = (
				655F10EC2BC331DB003D7788 /* ThermalMonitor.swift in Sources */,
				655F10D32BC32F63003D7788 /* ContentView.swift in Sources */,
				655F10EA2BC330D7003D7788 /* WatchDataReceiver.swift in Sources */,
				655F10D12BC32F63003D7788 /* ThermoIOWatchApp.swift in Sources */,
			);
			runOnlyForDeploymentPostprocessing = 0;
		};
/* End PBXSourcesBuildPhase section */

/* Begin PBXTargetDependency section */
		655F10CE2BC32F63003D7788 /* PBXTargetDependency */ = {
			isa = PBXTargetDependency;
			target = 655F10CA2BC32F63003D7788 /* ThermoIOWatch Watch App */;
			targetProxy = 655F10CD2BC32F63003D7788 /* PBXContainerItemProxy */;
		};
/* End PBXTargetDependency section */

/* Begin XCBuildConfiguration section */
		655F10D92BC32F63003D7788 /* Debug */ = {
			isa = XCBuildConfiguration;
			buildSettings = {
				ALWAYS_SEARCH_USER_PATHS = NO;
				ASSETCATALOG_COMPILER_GENERATE_SWIFT_ASSET_SYMBOL_EXTENSIONS = YES;
				CLANG_ANALYZER_NONNULL = YES;
				CLANG_ANALYZER_NUMBER_OBJECT_CONVERSION = YES_AGGRESSIVE;
				CLANG_CXX_LANGUAGE_STANDARD = "gnu++20";
				CLANG_ENABLE_MODULES = YES;
				CLANG_ENABLE_OBJC_ARC = YES;
				CLANG_ENABLE_OBJC_WEAK = YES;
				CLANG_WARN_BLOCK_CAPTURE_AUTORELEASING = YES;
				CLANG_WARN_BOOL_CONVERSION = YES;
				CLANG_WARN_COMMA = YES;
				CLANG_WARN_CONSTANT_CONVERSION = YES;
				CLANG_WARN_DEPRECATED_OBJC_IMPLEMENTATIONS = YES;
				CLANG_WARN_DIRECT_OBJC_ISA_USAGE = YES_ERROR;
				CLANG_WARN_DOCUMENTATION_COMMENTS = YES;
				CLANG_WARN_EMPTY_BODY = YES;
				CLANG_WARN_ENUM_CONVERSION = YES;
				CLANG_WARN_INFINITE_RECURSION = YES;
				CLANG_WARN_INT_CONVERSION = YES;
				CLANG_WARN_NON_LITERAL_NULL_CONVERSION = YES;
				CLANG_WARN_OBJC_IMPLICIT_RETAIN_SELF = YES;
				CLANG_WARN_OBJC_LITERAL_CONVERSION = YES;
				CLANG_WARN_OBJC_ROOT_CLASS = YES_ERROR;
				CLANG_WARN_QUOTED_INCLUDE_IN_FRAMEWORK_HEADER = YES;
				CLANG_WARN_RANGE_LOOP_ANALYSIS = YES;
				CLANG_WARN_STRICT_PROTOTYPES = YES;
				CLANG_WARN_SUSPICIOUS_MOVE = YES;
				CLANG_WARN_UNGUARDED_AVAILABILITY = YES_AGGRESSIVE;
				CLANG_WARN_UNREACHABLE_CODE = YES;
				CLANG_WARN__DUPLICATE_METHOD_MATCH = YES;
				COPY_PHASE_STRIP = NO;
				DEBUG_INFORMATION_FORMAT = dwarf;
				ENABLE_STRICT_OBJC_MSGSEND = YES;
				ENABLE_TESTABILITY = YES;
				ENABLE_USER_SCRIPT_SANDBOXING = YES;
				GCC_C_LANGUAGE_STANDARD = gnu17;
				GCC_DYNAMIC_NO_PIC = NO;
				GCC_NO_COMMON_BLOCKS = YES;
				GCC_OPTIMIZATION_LEVEL = 0;
				GCC_PREPROCESSOR_DEFINITIONS = (
					"DEBUG=1",
					"$(inherited)",
				);
				GCC_WARN_64_TO_32_BIT_CONVERSION = YES;
				GCC_WARN_ABOUT_RETURN_TYPE = YES_ERROR;
				GCC_WARN_UNDECLARED_SELECTOR = YES;
				GCC_WARN_UNINITIALIZED_AUTOS = YES_AGGRESSIVE;
				GCC_WARN_UNUSED_FUNCTION = YES;
				GCC_WARN_UNUSED_VARIABLE = YES;
				LOCALIZATION_PREFERS_STRING_CATALOGS = YES;
				MTL_ENABLE_DEBUG_INFO = INCLUDE_SOURCE;
				MTL_FAST_MATH = YES;
				ONLY_ACTIVE_ARCH = YES;
				SWIFT_ACTIVE_COMPILATION_CONDITIONS = "DEBUG $(inherited)";
				SWIFT_OPTIMIZATION_LEVEL = "-Onone";
			};
			name = Debug;
		};
		655F10DA2BC32F63003D7788 /* Release */ = {
			isa = XCBuildConfiguration;
			buildSettings = {
				ALWAYS_SEARCH_USER_PATHS = NO;
				ASSETCATALOG_COMPILER_GENERATE_SWIFT_ASSET_SYMBOL_EXTENSIONS = YES;
				CLANG_ANALYZER_NONNULL = YES;
				CLANG_ANALYZER_NUMBER_OBJECT_CONVERSION = YES_AGGRESSIVE;
				CLANG_CXX_LANGUAGE_STANDARD = "gnu++20";
				CLANG_ENABLE_MODULES = YES;
				CLANG_ENABLE_OBJC_ARC = YES;
				CLANG_ENABLE_OBJC_WEAK = YES;
				CLANG_WARN_BLOCK_CAPTURE_AUTORELEASING = YES;
				CLANG_WARN_BOOL_CONVERSION = YES;
				CLANG_WARN_COMMA = YES;
				CLANG_WARN_CONSTANT_CONVERSION = YES;
				CLANG_WARN_DEPRECATED_OBJC_IMPLEMENTATIONS = YES;
				CLANG_WARN_DIRECT_OBJC_ISA_USAGE = YES_ERROR;
				CLANG_WARN_DOCUMENTATION_COMMENTS = YES;
				CLANG_WARN_EMPTY_BODY = YES;
				CLANG_WARN_ENUM_CONVERSION = YES;
				CLANG_WARN_INFINITE_RECURSION = YES;
				CLANG_WARN_INT_CONVERSION = YES;
				CLANG_WARN_NON_LITERAL_NULL_CONVERSION = YES;
				CLANG_WARN_OBJC_IMPLICIT_RETAIN_SELF = YES;
				CLANG_WARN_OBJC_LITERAL_CONVERSION = YES;
				CLANG_WARN_OBJC_ROOT_CLASS = YES_ERROR;
				CLANG_WARN_QUOTED_INCLUDE_IN_FRAMEWORK_HEADER = YES;
				CLANG_WARN_RANGE_LOOP_ANALYSIS = YES;
				CLANG_WARN_STRICT_PROTOTYPES = YES;
				CLANG_WARN_SUSPICIOUS_MOVE = YES;
				CLANG_WARN_UNGUARDED_AVAILABILITY = YES_AGGRESSIVE;
				CLANG_WARN_UNREACHABLE_CODE = YES;
				CLANG_WARN__DUPLICATE_METHOD_MATCH = YES;
				COPY_PHASE_STRIP = NO;
				DEBUG_INFORMATION_FORMAT = "dwarf-with-dsym";
				ENABLE_NS_ASSERTIONS = NO;
				ENABLE_STRICT_OBJC_MSGSEND = YES;
				ENABLE_USER_SCRIPT_SANDBOXING = YES;
				GCC_C_LANGUAGE_STANDARD = gnu17;
				GCC_NO_COMMON_BLOCKS = YES;
				GCC_WARN_64_TO_32_BIT_CONVERSION = YES;
				GCC_WARN_ABOUT_RETURN_TYPE = YES_ERROR;
				GCC_WARN_UNDECLARED_SELECTOR = YES;
				GCC_WARN_UNINITIALIZED_AUTOS = YES_AGGRESSIVE;
				GCC_WARN_UNUSED_FUNCTION = YES;
				GCC_WARN_UNUSED_VARIABLE = YES;
				LOCALIZATION_PREFERS_STRING_CATALOGS = YES;
				MTL_ENABLE_DEBUG_INFO = NO;
				MTL_FAST_MATH = YES;
				SWIFT_COMPILATION_MODE = wholemodule;
			};
			name = Release;
		};
		655F10DC2BC32F63003D7788 /* Debug */ = {
			isa = XCBuildConfiguration;
			buildSettings = {
				ASSETCATALOG_COMPILER_APPICON_NAME = AppIcon;
				ASSETCATALOG_COMPILER_GLOBAL_ACCENT_COLOR_NAME = AccentColor;
				CODE_SIGN_STYLE = Automatic;
				CURRENT_PROJECT_VERSION = 1;
				DEVELOPMENT_ASSET_PATHS = "\"ThermoIOWatch Watch App/Preview Content\"";
				DEVELOPMENT_TEAM = PCTB5RL5K6;
				ENABLE_PREVIEWS = YES;
				GENERATE_INFOPLIST_FILE = YES;
				INFOPLIST_KEY_CFBundleDisplayName = ThermoIOWatch;
				INFOPLIST_KEY_UISupportedInterfaceOrientations = "UIInterfaceOrientationPortrait UIInterfaceOrientationPortraitUpsideDown";
				INFOPLIST_KEY_WKCompanionAppBundleIdentifier = nobodylikesme.ThermoIOWatch;
				LD_RUNPATH_SEARCH_PATHS = (
					"$(inherited)",
					"@executable_path/Frameworks",
				);
				MARKETING_VERSION = 1.0;
				PRODUCT_BUNDLE_IDENTIFIER = nobodylikesme.ThermoIOWatch.watchkitapp;
				PRODUCT_NAME = "$(TARGET_NAME)";
				SDKROOT = watchos;
				SKIP_INSTALL = YES;
				SWIFT_EMIT_LOC_STRINGS = YES;
				SWIFT_VERSION = 5.0;
				TARGETED_DEVICE_FAMILY = 4;
				WATCHOS_DEPLOYMENT_TARGET = 10.4;
			};
			name = Debug;
		};
		655F10DD2BC32F63003D7788 /* Release */ = {
			isa = XCBuildConfiguration;
			buildSettings = {
				ASSETCATALOG_COMPILER_APPICON_NAME = AppIcon;
				ASSETCATALOG_COMPILER_GLOBAL_ACCENT_COLOR_NAME = AccentColor;
				CODE_SIGN_STYLE = Automatic;
				CURRENT_PROJECT_VERSION = 1;
				DEVELOPMENT_ASSET_PATHS = "\"ThermoIOWatch Watch App/Preview Content\"";
				DEVELOPMENT_TEAM = PCTB5RL5K6;
				ENABLE_PREVIEWS = YES;
				GENERATE_INFOPLIST_FILE = YES;
				INFOPLIST_KEY_CFBundleDisplayName = ThermoIOWatch;
				INFOPLIST_KEY_UISupportedInterfaceOrientations = "UIInterfaceOrientationPortrait UIInterfaceOrientationPortraitUpsideDown";
				INFOPLIST_KEY_WKCompanionAppBundleIdentifier = nobodylikesme.ThermoIOWatch;
				LD_RUNPATH_SEARCH_PATHS = (
					"$(inherited)",
					"@executable_path/Frameworks",
				);
				MARKETING_VERSION = 1.0;
				PRODUCT_BUNDLE_IDENTIFIER = nobodylikesme.ThermoIOWatch.watchkitapp;
				PRODUCT_NAME = "$(TARGET_NAME)";
				SDKROOT = watchos;
				SKIP_INSTALL = YES;
				SWIFT_EMIT_LOC_STRINGS = YES;
				SWIFT_VERSION = 5.0;
				TARGETED_DEVICE_FAMILY = 4;
				VALIDATE_PRODUCT = YES;
				WATCHOS_DEPLOYMENT_TARGET = 10.4;
			};
			name = Release;
		};
		655F10E02BC32F63003D7788 /* Debug */ = {
			isa = XCBuildConfiguration;
			buildSettings = {
				ALWAYS_EMBED_SWIFT_STANDARD_LIBRARIES = YES;
				ASSETCATALOG_COMPILER_APPICON_NAME = AppIcon;
				ASSETCATALOG_COMPILER_GLOBAL_ACCENT_COLOR_NAME = AccentColor;
				CODE_SIGN_STYLE = Automatic;
				CURRENT_PROJECT_VERSION = 1;
				DEVELOPMENT_ASSET_PATHS = "\"ThermoIOWatch/Preview Content\"";
				DEVELOPMENT_TEAM = PCTB5RL5K6;
				ENABLE_PREVIEWS = YES;
				GENERATE_INFOPLIST_FILE = YES;
				INFOPLIST_KEY_CFBundleDisplayName = ThermoIOWatch;
				INFOPLIST_KEY_UIApplicationSceneManifest_Generation = YES;
				INFOPLIST_KEY_UIApplicationSupportsIndirectInputEvents = YES;
				INFOPLIST_KEY_UILaunchScreen_Generation = YES;
				INFOPLIST_KEY_UISupportedInterfaceOrientations_iPad = "UIInterfaceOrientationPortrait UIInterfaceOrientationPortraitUpsideDown UIInterfaceOrientationLandscapeLeft UIInterfaceOrientationLandscapeRight";
				INFOPLIST_KEY_UISupportedInterfaceOrientations_iPhone = "UIInterfaceOrientationPortrait UIInterfaceOrientationLandscapeLeft UIInterfaceOrientationLandscapeRight";
				IPHONEOS_DEPLOYMENT_TARGET = 17.4;
				LD_RUNPATH_SEARCH_PATHS = (
					"$(inherited)",
					"@executable_path/Frameworks",
				);
				MARKETING_VERSION = 1.0;
				PRODUCT_BUNDLE_IDENTIFIER = nobodylikesme.ThermoIOWatch;
				PRODUCT_NAME = "$(TARGET_NAME)";
				SDKROOT = iphoneos;
				SWIFT_EMIT_LOC_STRINGS = YES;
				SWIFT_VERSION = 5.0;
				TARGETED_DEVICE_FAMILY = "1,2";
			};
			name = Debug;
		};
		655F10E12BC32F63003D7788 /* Release */ = {
			isa = XCBuildConfiguration;
			buildSettings = {
				ALWAYS_EMBED_SWIFT_STANDARD_LIBRARIES = YES;
				ASSETCATALOG_COMPILER_APPICON_NAME = AppIcon;
				ASSETCATALOG_COMPILER_GLOBAL_ACCENT_COLOR_NAME = AccentColor;
				CODE_SIGN_STYLE = Automatic;
				CURRENT_PROJECT_VERSION = 1;
				DEVELOPMENT_ASSET_PATHS = "\"ThermoIOWatch/Preview Content\"";
				DEVELOPMENT_TEAM = PCTB5RL5K6;
				ENABLE_PREVIEWS = YES;
				GENERATE_INFOPLIST_FILE = YES;
				INFOPLIST_KEY_CFBundleDisplayName = ThermoIOWatch;
				INFOPLIST_KEY_UIApplicationSceneManifest_Generation = YES;
				INFOPLIST_KEY_UIApplicationSupportsIndirectInputEvents = YES;
				INFOPLIST_KEY_UILaunchScreen_Generation = YES;
				INFOPLIST_KEY_UISupportedInterfaceOrientations_iPad = "UIInterfaceOrientationPortrait UIInterfaceOrientationPortraitUpsideDown UIInterfaceOrientationLandscapeLeft UIInterfaceOrientationLandscapeRight";
				INFOPLIST_KEY_UISupportedInterfaceOrientations_iPhone = "UIInterfaceOrientationPortrait UIInterfaceOrientationLandscapeLeft UIInterfaceOrientationLandscapeRight";
				IPHONEOS_DEPLOYMENT_TARGET = 17.4;
				LD_RUNPATH_SEARCH_PATHS = (
					"$(inherited)",
					"@executable_path/Frameworks",
				);
				MARKETING_VERSION = 1.0;
				PRODUCT_BUNDLE_IDENTIFIER = nobodylikesme.ThermoIOWatch;
				PRODUCT_NAME = "$(TARGET_NAME)";
				SDKROOT = iphoneos;
				SWIFT_EMIT_LOC_STRINGS = YES;
				SWIFT_VERSION = 5.0;
				TARGETED_DEVICE_FAMILY = "1,2";
				VALIDATE_PRODUCT = YES;
			};
			name = Release;
		};
/* End XCBuildConfiguration section */

/* Begin XCConfigurationList section */
		655F10B62BC32F62003D7788 /* Build configuration list for PBXProject "ThermoIOWatch" */ = {
			isa = XCConfigurationList;
			buildConfigurations = (
				655F10D92BC32F63003D7788 /* Debug */,
				655F10DA2BC32F63003D7788 /* Release */,
			);
			defaultConfigurationIsVisible = 0;
			defaultConfigurationName = Release;
		};
		655F10DB2BC32F63003D7788 /* Build configuration list for PBXNativeTarget "ThermoIOWatch Watch App" */ = {
			isa = XCConfigurationList;
			buildConfigurations = (
				655F10DC2BC32F63003D7788 /* Debug */,
				655F10DD2BC32F63003D7788 /* Release */,
			);
			defaultConfigurationIsVisible = 0;
			defaultConfigurationName = Release;
		};
		655F10DF2BC32F63003D7788 /* Build configuration list for PBXNativeTarget "ThermoIOWatch" */ = {
			isa = XCConfigurationList;
			buildConfigurations = (
				655F10E02BC32F63003D7788 /* Debug */,
				655F10E12BC32F63003D7788 /* Release */,
			);
			defaultConfigurationIsVisible = 0;
			defaultConfigurationName = Release;
		};
/* End XCConfigurationList section */
	};
	rootObject = 655F10B32BC32F62003D7788 /* Project object */;
}
